
Microsoft Visual Studio Solution File, Format Version 12.00
# Visual Studio Version 16
VisualStudioVersion = 16.0.30011.22
MinimumVisualStudioVersion = 10.0.40219.1
Project("{9A19103F-16F7-4668-BE54-9A1E7A4F7556}") = "ParkyAPI", "ParkyAPI\ParkyAPI.csproj", "{DBB7A922-3262-480D-97BF-06827C6C0EE4}"
EndProject
Project("{FAE04EC0-301F-11D3-BF4B-00C04F79EFBC}") = "ParkyWeb", "ParkyWeb\ParkyWeb.csproj", "{78804F7A-C30A-4781-99F9-268CA40A7BDE}"
EndProject
Global
	GlobalSection(SolutionConfigurationPlatforms) = preSolution
		Debug|Any CPU = Debug|Any CPU
		Release|Any CPU = Release|Any CPU
	EndGlobalSection
	GlobalSection(ProjectConfigurationPlatforms) = postSolution
		{DBB7A922-3262-480D-97BF-06827C6C0EE4}.Debug|Any CPU.ActiveCfg = Debug|Any CPU
		{DBB7A922-3262-480D-97BF-06827C6C0EE4}.Debug|Any CPU.Build.0 = Debug|Any CPU
		{DBB7A922-3262-480D-97BF-06827C6C0EE4}.Release|Any CPU.ActiveCfg = Release|Any CPU
		{DBB7A922-3262-480D-97BF-06827C6C0EE4}.Release|Any CPU.Build.0 = Release|Any CPU
		{78804F7A-C30A-4781-99F9-268CA40A7BDE}.Debug|Any CPU.ActiveCfg = Debug|Any CPU
		{78804F7A-C30A-4781-99F9-268CA40A7BDE}.Debug|Any CPU.Build.0 = Debug|Any CPU
		{78804F7A-C30A-4781-99F9-268CA40A7BDE}.Release|Any CPU.ActiveCfg = Release|Any CPU
		{78804F7A-C30A-4781-99F9-268CA40A7BDE}.Release|Any CPU.Build.0 = Release|Any CPU
	EndGlobalSection
	GlobalSection(SolutionProperties) = preSolution
		HideSolutionNode = FALSE
	EndGlobalSection
	GlobalSection(ExtensibilityGlobals) = postSolution
		SolutionGuid = {8DC7AFCB-9503-4BC0-845D-B40D67EB83F2}
	EndGlobalSection
EndGlobal
